# Versões travadas dos pacotes AUR do ecossistema Lyra.
# Formato: pkgname=pkgver-pkgrel (mesmo formato usado pelo pacman).
#
# Consultado via AUR RPC (https://aur.archlinux.org/rpc/v5/info) em 2026-07-09.
# Atualizar manualmente ao publicar uma nova versão de cada pacote e validar
# que setup-build-host.sh buildou exatamente essa versão antes de gerar o ISO.

prosa=4.1.0-1
fina=17.1.0-1
calamares=3.4.2-2
lyra-tour=2.1.2-1
linuxtoys-bin=6.4.1-1
